
Microsoft Visual Studio Solution File, Format Version 10.00
# Visual C++ Express 2008
Project("{8BC9CEB8-8B4A-11D0-8D11-00A0C91BC942}") = "gen", "gen\gen.vcproj", "{43C69279-C5CE-4421-B6EC-D83618B11297}"
EndProject
Project("{8BC9CEB8-8B4A-11D0-8D11-00A0C91BC942}") = "rngdemo", "rngdemo\rngdemo.vcproj", "{F4A871BF-AE91-4BB4-86EE-17C8950CAC0B}"
EndProject
Project("{8BC9CEB8-8B4A-11D0-8D11-00A0C91BC942}") = "test", "test\test.vcproj", "{8FEDD041-E3C3-445F-947D-01CC98AFD7AC}"
EndProject
Project("{8BC9CEB8-8B4A-11D0-8D11-00A0C91BC942}") = "bin2asc", "bin2asc\bin2asc.vcproj", "{87B2C0A4-E421-4F7C-A549-95B80FE001BB}"
EndProject
Project("{8BC9CEB8-8B4A-11D0-8D11-00A0C91BC942}") = "rng-assessor", "rng-assessor\rng-assessor.vcproj", "{20D82A2B-1A11-43DC-AFCF-950182525599}"
EndProject
Project("{8BC9CEB8-8B4A-11D0-8D11-00A0C91BC942}") = "getopt", "getopt\getopt.vcproj", "{FB10A353-C026-45E9-BC20-1FC81B036C03}"
EndProject
Project("{8BC9CEB8-8B4A-11D0-8D11-00A0C91BC942}") = "rng", "rng\rng.vcproj", "{28798FE7-8BB5-4856-9DDE-C0D6627532A8}"
EndProject
Project("{8BC9CEB8-8B4A-11D0-8D11-00A0C91BC942}") = "randcam", "randcam\randcam.vcproj", "{78A9C683-310C-469F-B5AA-99808BFEDDC6}"
EndProject
Project("{8BC9CEB8-8B4A-11D0-8D11-00A0C91BC942}") = "bin2bits", "bin2bits\bin2bits.vcproj", "{556661DC-61B8-4024-A7BB-85C3AD071967}"
EndProject
Project("{8BC9CEB8-8B4A-11D0-8D11-00A0C91BC942}") = "rng-analyzer", "rng-analyzer\rng-analyzer.vcproj", "{03DD844B-C2A1-4688-A296-94917FB66F2D}"
EndProject
Project("{8BC9CEB8-8B4A-11D0-8D11-00A0C91BC942}") = "chisqtable", "chisqtable\chisqtable.vcproj", "{5F768CAD-64BC-401D-A365-2FEE6F7B9F72}"
EndProject
Project("{8BC9CEB8-8B4A-11D0-8D11-00A0C91BC942}") = "testu01-probdist", "testu01-probdist\testu01-probdist.vcproj", "{A158405E-C7A7-4432-B82B-0C1A05706CB5}"
EndProject
Project("{8BC9CEB8-8B4A-11D0-8D11-00A0C91BC942}") = "testu01-mylib", "testu01-mylib\testu01-mylib.vcproj", "{F4B6CBAE-EA3D-4962-9D42-DAA32DC11521}"
EndProject
Project("{8BC9CEB8-8B4A-11D0-8D11-00A0C91BC942}") = "testu01-testu01", "testu01-testu01\testu01-testu01.vcproj", "{D9977B23-CD8A-4BFD-A4FE-79C0F4341958}"
EndProject
Project("{8BC9CEB8-8B4A-11D0-8D11-00A0C91BC942}") = "lotto", "lotto\lotto.vcproj", "{F629D19F-BCEE-49F2-89F6-A5E3CA8E75C9}"
EndProject
Project("{8BC9CEB8-8B4A-11D0-8D11-00A0C91BC942}") = "libbz2", "bzip2-1.0.5\libbz2.vcproj", "{B57BDBC0-98A8-44DF-99B6-D2693FFD999B}"
EndProject
Project("{8BC9CEB8-8B4A-11D0-8D11-00A0C91BC942}") = "timer", "timer\timer.vcproj", "{CF4FEC1E-BA0E-46F8-AFCA-DB971DB4B672}"
EndProject
Global
	GlobalSection(SolutionConfigurationPlatforms) = preSolution
		Debug|Win32 = Debug|Win32
		Release|Win32 = Release|Win32
	EndGlobalSection
	GlobalSection(ProjectConfigurationPlatforms) = postSolution
		{43C69279-C5CE-4421-B6EC-D83618B11297}.Debug|Win32.ActiveCfg = Debug|Win32
		{43C69279-C5CE-4421-B6EC-D83618B11297}.Debug|Win32.Build.0 = Debug|Win32
		{43C69279-C5CE-4421-B6EC-D83618B11297}.Release|Win32.ActiveCfg = Release|Win32
		{43C69279-C5CE-4421-B6EC-D83618B11297}.Release|Win32.Build.0 = Release|Win32
		{F4A871BF-AE91-4BB4-86EE-17C8950CAC0B}.Debug|Win32.ActiveCfg = Debug|Win32
		{F4A871BF-AE91-4BB4-86EE-17C8950CAC0B}.Debug|Win32.Build.0 = Debug|Win32
		{F4A871BF-AE91-4BB4-86EE-17C8950CAC0B}.Release|Win32.ActiveCfg = Release|Win32
		{F4A871BF-AE91-4BB4-86EE-17C8950CAC0B}.Release|Win32.Build.0 = Release|Win32
		{8FEDD041-E3C3-445F-947D-01CC98AFD7AC}.Debug|Win32.ActiveCfg = Debug|Win32
		{8FEDD041-E3C3-445F-947D-01CC98AFD7AC}.Debug|Win32.Build.0 = Debug|Win32
		{8FEDD041-E3C3-445F-947D-01CC98AFD7AC}.Release|Win32.ActiveCfg = Release|Win32
		{8FEDD041-E3C3-445F-947D-01CC98AFD7AC}.Release|Win32.Build.0 = Release|Win32
		{87B2C0A4-E421-4F7C-A549-95B80FE001BB}.Debug|Win32.ActiveCfg = Debug|Win32
		{87B2C0A4-E421-4F7C-A549-95B80FE001BB}.Debug|Win32.Build.0 = Debug|Win32
		{87B2C0A4-E421-4F7C-A549-95B80FE001BB}.Release|Win32.ActiveCfg = Release|Win32
		{87B2C0A4-E421-4F7C-A549-95B80FE001BB}.Release|Win32.Build.0 = Release|Win32
		{20D82A2B-1A11-43DC-AFCF-950182525599}.Debug|Win32.ActiveCfg = Debug|Win32
		{20D82A2B-1A11-43DC-AFCF-950182525599}.Debug|Win32.Build.0 = Debug|Win32
		{20D82A2B-1A11-43DC-AFCF-950182525599}.Release|Win32.ActiveCfg = Release|Win32
		{20D82A2B-1A11-43DC-AFCF-950182525599}.Release|Win32.Build.0 = Release|Win32
		{FB10A353-C026-45E9-BC20-1FC81B036C03}.Debug|Win32.ActiveCfg = Debug|Win32
		{FB10A353-C026-45E9-BC20-1FC81B036C03}.Debug|Win32.Build.0 = Debug|Win32
		{FB10A353-C026-45E9-BC20-1FC81B036C03}.Release|Win32.ActiveCfg = Release|Win32
		{FB10A353-C026-45E9-BC20-1FC81B036C03}.Release|Win32.Build.0 = Release|Win32
		{28798FE7-8BB5-4856-9DDE-C0D6627532A8}.Debug|Win32.ActiveCfg = Debug|Win32
		{28798FE7-8BB5-4856-9DDE-C0D6627532A8}.Debug|Win32.Build.0 = Debug|Win32
		{28798FE7-8BB5-4856-9DDE-C0D6627532A8}.Release|Win32.ActiveCfg = Release|Win32
		{28798FE7-8BB5-4856-9DDE-C0D6627532A8}.Release|Win32.Build.0 = Release|Win32
		{78A9C683-310C-469F-B5AA-99808BFEDDC6}.Debug|Win32.ActiveCfg = Debug|Win32
		{78A9C683-310C-469F-B5AA-99808BFEDDC6}.Debug|Win32.Build.0 = Debug|Win32
		{78A9C683-310C-469F-B5AA-99808BFEDDC6}.Release|Win32.ActiveCfg = Release|Win32
		{78A9C683-310C-469F-B5AA-99808BFEDDC6}.Release|Win32.Build.0 = Release|Win32
		{556661DC-61B8-4024-A7BB-85C3AD071967}.Debug|Win32.ActiveCfg = Debug|Win32
		{556661DC-61B8-4024-A7BB-85C3AD071967}.Debug|Win32.Build.0 = Debug|Win32
		{556661DC-61B8-4024-A7BB-85C3AD071967}.Release|Win32.ActiveCfg = Release|Win32
		{556661DC-61B8-4024-A7BB-85C3AD071967}.Release|Win32.Build.0 = Release|Win32
		{03DD844B-C2A1-4688-A296-94917FB66F2D}.Debug|Win32.ActiveCfg = Debug|Win32
		{03DD844B-C2A1-4688-A296-94917FB66F2D}.Debug|Win32.Build.0 = Debug|Win32
		{03DD844B-C2A1-4688-A296-94917FB66F2D}.Release|Win32.ActiveCfg = Release|Win32
		{03DD844B-C2A1-4688-A296-94917FB66F2D}.Release|Win32.Build.0 = Release|Win32
		{5F768CAD-64BC-401D-A365-2FEE6F7B9F72}.Debug|Win32.ActiveCfg = Debug|Win32
		{5F768CAD-64BC-401D-A365-2FEE6F7B9F72}.Debug|Win32.Build.0 = Debug|Win32
		{5F768CAD-64BC-401D-A365-2FEE6F7B9F72}.Release|Win32.ActiveCfg = Release|Win32
		{5F768CAD-64BC-401D-A365-2FEE6F7B9F72}.Release|Win32.Build.0 = Release|Win32
		{A158405E-C7A7-4432-B82B-0C1A05706CB5}.Debug|Win32.ActiveCfg = Debug|Win32
		{A158405E-C7A7-4432-B82B-0C1A05706CB5}.Debug|Win32.Build.0 = Debug|Win32
		{A158405E-C7A7-4432-B82B-0C1A05706CB5}.Release|Win32.ActiveCfg = Release|Win32
		{A158405E-C7A7-4432-B82B-0C1A05706CB5}.Release|Win32.Build.0 = Release|Win32
		{F4B6CBAE-EA3D-4962-9D42-DAA32DC11521}.Debug|Win32.ActiveCfg = Debug|Win32
		{F4B6CBAE-EA3D-4962-9D42-DAA32DC11521}.Debug|Win32.Build.0 = Debug|Win32
		{F4B6CBAE-EA3D-4962-9D42-DAA32DC11521}.Release|Win32.ActiveCfg = Release|Win32
		{F4B6CBAE-EA3D-4962-9D42-DAA32DC11521}.Release|Win32.Build.0 = Release|Win32
		{D9977B23-CD8A-4BFD-A4FE-79C0F4341958}.Debug|Win32.ActiveCfg = Debug|Win32
		{D9977B23-CD8A-4BFD-A4FE-79C0F4341958}.Debug|Win32.Build.0 = Debug|Win32
		{D9977B23-CD8A-4BFD-A4FE-79C0F4341958}.Release|Win32.ActiveCfg = Release|Win32
		{D9977B23-CD8A-4BFD-A4FE-79C0F4341958}.Release|Win32.Build.0 = Release|Win32
		{F629D19F-BCEE-49F2-89F6-A5E3CA8E75C9}.Debug|Win32.ActiveCfg = Debug|Win32
		{F629D19F-BCEE-49F2-89F6-A5E3CA8E75C9}.Debug|Win32.Build.0 = Debug|Win32
		{F629D19F-BCEE-49F2-89F6-A5E3CA8E75C9}.Release|Win32.ActiveCfg = Release|Win32
		{F629D19F-BCEE-49F2-89F6-A5E3CA8E75C9}.Release|Win32.Build.0 = Release|Win32
		{B57BDBC0-98A8-44DF-99B6-D2693FFD999B}.Debug|Win32.ActiveCfg = Debug|Win32
		{B57BDBC0-98A8-44DF-99B6-D2693FFD999B}.Debug|Win32.Build.0 = Debug|Win32
		{B57BDBC0-98A8-44DF-99B6-D2693FFD999B}.Release|Win32.ActiveCfg = Release|Win32
		{B57BDBC0-98A8-44DF-99B6-D2693FFD999B}.Release|Win32.Build.0 = Release|Win32
		{CF4FEC1E-BA0E-46F8-AFCA-DB971DB4B672}.Debug|Win32.ActiveCfg = Debug|Win32
		{CF4FEC1E-BA0E-46F8-AFCA-DB971DB4B672}.Debug|Win32.Build.0 = Debug|Win32
		{CF4FEC1E-BA0E-46F8-AFCA-DB971DB4B672}.Release|Win32.ActiveCfg = Release|Win32
		{CF4FEC1E-BA0E-46F8-AFCA-DB971DB4B672}.Release|Win32.Build.0 = Release|Win32
	EndGlobalSection
	GlobalSection(SolutionProperties) = preSolution
		HideSolutionNode = FALSE
	EndGlobalSection
EndGlobal
